Microsoft Visual Studio Solution File, Format Version 12.00
# Visual Studio 14
VisualStudioVersion = 14.0.25420.1
MinimumVisualStudioVersion = 10.0.40219.1
Project("{FAE04EC0-301F-11D3-BF4B-00C04F79EFBC}") = "ProjectSalutis.core", "ProjectSalutis.core\ProjectSalutis.core.csproj", "{4E7126CD-6FF5-42C0-99B5-B98ACF5624CD}"
EndProject
Project("{FAE04EC0-301F-11D3-BF4B-00C04F79EFBC}") = "ProjectSalutis.droid", "ProjectSalutis.droid\ProjectSalutis.droid.csproj", "{1D3493B1-FD62-45ED-AB61-70B50A331F7F}"
EndProject
Global
	GlobalSection(SolutionConfigurationPlatforms) = preSolution
		Debug|Any CPU = Debug|Any CPU
		Release|Any CPU = Release|Any CPU
	EndGlobalSection
	GlobalSection(ProjectConfigurationPlatforms) = postSolution
		{4E7126CD-6FF5-42C0-99B5-B98ACF5624CD}.Debug|Any CPU.ActiveCfg = Debug|Any CPU
		{4E7126CD-6FF5-42C0-99B5-B98ACF5624CD}.Debug|Any CPU.Build.0 = Debug|Any CPU
		{4E7126CD-6FF5-42C0-99B5-B98ACF5624CD}.Release|Any CPU.ActiveCfg = Release|Any CPU
		{4E7126CD-6FF5-42C0-99B5-B98ACF5624CD}.Release|Any CPU.Build.0 = Release|Any CPU
		{1D3493B1-FD62-45ED-AB61-70B50A331F7F}.Debug|Any CPU.ActiveCfg = Debug|Any CPU
		{1D3493B1-FD62-45ED-AB61-70B50A331F7F}.Debug|Any CPU.Build.0 = Debug|Any CPU
		{1D3493B1-FD62-45ED-AB61-70B50A331F7F}.Debug|Any CPU.Deploy.0 = Debug|Any CPU
		{1D3493B1-FD62-45ED-AB61-70B50A331F7F}.Release|Any CPU.ActiveCfg = Release|Any CPU
		{1D3493B1-FD62-45ED-AB61-70B50A331F7F}.Release|Any CPU.Build.0 = Release|Any CPU
	EndGlobalSection
	GlobalSection(SolutionProperties) = preSolution
		HideSolutionNode = FALSE
	EndGlobalSection
EndGlobal
